[[package]]
name = "byteorder"
version = "0.5.3"
source = "registry+https://github.com/rust-lang/crates.io-index"

[[package]]
name = "cargo-size"
version = "0.1.0"
dependencies = [
 "colored 1.6.1 (registry+https://github.com/rust-lang/crates.io-index)",
 "elf 0.0.10 (registry+https://github.com/rust-lang/crates.io-index)",
]

[[package]]
name = "colored"
version = "1.6.1"
source = "registry+https://github.com/rust-lang/crates.io-index"
dependencies = [
 "lazy_static 1.2.0 (registry+https://github.com/rust-lang/crates.io-index)",
]

[[package]]
name = "elf"
version = "0.0.10"
source = "registry+https://github.com/rust-lang/crates.io-index"
dependencies = [
 "byteorder 0.5.3 (registry+https://github.com/rust-lang/crates.io-index)",
]

[[package]]
name = "lazy_static"
version = "1.2.0"
source = "registry+https://github.com/rust-lang/crates.io-index"

[metadata]
"checksum byteorder 0.5.3 (registry+https://github.com/rust-lang/crates.io-index)" = "0fc10e8cc6b2580fda3f36eb6dc5316657f812a3df879a44a66fc9f0fdbc4855"
"checksum colored 1.6.1 (registry+https://github.com/rust-lang/crates.io-index)" = "dc0a60679001b62fb628c4da80e574b9645ab4646056d7c9018885efffe45533"
"checksum elf 0.0.10 (registry+https://github.com/rust-lang/crates.io-index)" = "4841de15dbe0e49b9b62a417589299e3be0d557e0900d36acb87e6dae47197f5"
"checksum lazy_static 1.2.0 (registry+https://github.com/rust-lang/crates.io-index)" = "a374c89b9db55895453a74c1e38861d9deec0b01b405a82516e9d5de4820dea1"
